// !$*UTF8*$!
{
	archiveVersion = 1;
	classes = {
	};
	objectVersion = 46;
	objects = {

/* Begin PBXBuildFile section */
		57EB6DA41E0884D800E68D16 /* Collection+Differences.swift in Sources */ = {isa = PBXBuildFile; fileRef = 57EB6DA31E0884D800E68D16 /* Collection+Differences.swift */; };
		57EB6DA91E0C9FA700E68D16 /* Result.swift in Sources */ = {isa = PBXBuildFile; fileRef = 57EB6DA81E0C9FA700E68D16 /* Result.swift */; };
		57EB6DAA1E0CDC9700E68D16 /* Collection+DifferencesTests.swift in Sources */ = {isa = PBXBuildFile; fileRef = 57EB6DA61E0C751900E68D16 /* Collection+DifferencesTests.swift */; };
		57EB6DB11E10F58100E68D16 /* String+Differences.swift in Sources */ = {isa = PBXBuildFile; fileRef = 57EB6DB01E10F58100E68D16 /* String+Differences.swift */; };
		57EB6DB31E10FCE200E68D16 /* String+Differences.swift in Sources */ = {isa = PBXBuildFile; fileRef = 57EB6DB21E10FCE200E68D16 /* String+Differences.swift */; };
		57EB6DB51E11C4E100E68D16 /* ResultTests.swift in Sources */ = {isa = PBXBuildFile; fileRef = 57EB6DB41E11C4E100E68D16 /* ResultTests.swift */; };
		OBJ_21 /* Difference.swift in Sources */ = {isa = PBXBuildFile; fileRef = OBJ_9 /* Difference.swift */; };
		OBJ_28 /* DifferencesTests.swift in Sources */ = {isa = PBXBuildFile; fileRef = OBJ_12 /* DifferencesTests.swift */; };
		OBJ_30 /* Differences.framework in Frameworks */ = {isa = PBXBuildFile; fileRef = OBJ_14 /* Differences.framework */; };
/* End PBXBuildFile section */

/* Begin PBXContainerItemProxy section */
		57EB6DA21E08823000E68D16 /* PBXContainerItemProxy */ = {
			isa = PBXContainerItemProxy;
			containerPortal = OBJ_1 /* Project object */;
			proxyType = 1;
			remoteGlobalIDString = OBJ_16;
			remoteInfo = Differences;
		};
/* End PBXContainerItemProxy section */

/* Begin PBXFileReference section */
		57EB6DA31E0884D800E68D16 /* Collection+Differences.swift */ = {isa = PBXFileReference; fileEncoding = 4; lastKnownFileType = sourcecode.swift; path = "Collection+Differences.swift"; sourceTree = "<group>"; };
		57EB6DA61E0C751900E68D16 /* Collection+DifferencesTests.swift */ = {isa = PBXFileReference; fileEncoding = 4; lastKnownFileType = sourcecode.swift; path = "Collection+DifferencesTests.swift"; sourceTree = "<group>"; };
		57EB6DA81E0C9FA700E68D16 /* Result.swift */ = {isa = PBXFileReference; fileEncoding = 4; lastKnownFileType = sourcecode.swift; path = Result.swift; sourceTree = "<group>"; };
		57EB6DB01E10F58100E68D16 /* String+Differences.swift */ = {isa = PBXFileReference; fileEncoding = 4; lastKnownFileType = sourcecode.swift; path = "String+Differences.swift"; sourceTree = "<group>"; };
		57EB6DB21E10FCE200E68D16 /* String+Differences.swift */ = {isa = PBXFileReference; fileEncoding = 4; lastKnownFileType = sourcecode.swift; path = "String+Differences.swift"; sourceTree = "<group>"; };
		57EB6DB41E11C4E100E68D16 /* ResultTests.swift */ = {isa = PBXFileReference; fileEncoding = 4; lastKnownFileType = sourcecode.swift; path = ResultTests.swift; sourceTree = "<group>"; };
		OBJ_12 /* DifferencesTests.swift */ = {isa = PBXFileReference; lastKnownFileType = sourcecode.swift; path = DifferencesTests.swift; sourceTree = "<group>"; };
		OBJ_14 /* Differences.framework */ = {isa = PBXFileReference; explicitFileType = wrapper.framework; path = Differences.framework; sourceTree = BUILT_PRODUCTS_DIR; };
		OBJ_15 /* DifferencesTests.xctest */ = {isa = PBXFileReference; explicitFileType = wrapper.cfbundle; path = DifferencesTests.xctest; sourceTree = BUILT_PRODUCTS_DIR; };
		OBJ_6 /* Package.swift */ = {isa = PBXFileReference; explicitFileType = sourcecode.swift; path = Package.swift; sourceTree = "<group>"; };
		OBJ_9 /* Difference.swift */ = {isa = PBXFileReference; lastKnownFileType = sourcecode.swift; path = Difference.swift; sourceTree = "<group>"; };
/* End PBXFileReference section */

/* Begin PBXFrameworksBuildPhase section */
		OBJ_22 /* Frameworks */ = {
			isa = PBXFrameworksBuildPhase;
			buildActionMask = 0;
			files = (
			);
			runOnlyForDeploymentPostprocessing = 0;
		};
		OBJ_29 /* Frameworks */ = {
			isa = PBXFrameworksBuildPhase;
			buildActionMask = 0;
			files = (
				OBJ_30 /* Differences.framework in Frameworks */,
			);
			runOnlyForDeploymentPostprocessing = 0;
		};
/* End PBXFrameworksBuildPhase section */

/* Begin PBXGroup section */
		OBJ_10 /* Tests */ = {
			isa = PBXGroup;
			children = (
				OBJ_11 /* DifferencesTests */,
			);
			path = Tests;
			sourceTree = "<group>";
		};
		OBJ_11 /* DifferencesTests */ = {
			isa = PBXGroup;
			children = (
				57EB6DA61E0C751900E68D16 /* Collection+DifferencesTests.swift */,
				OBJ_12 /* DifferencesTests.swift */,
				57EB6DB41E11C4E100E68D16 /* ResultTests.swift */,
				57EB6DB21E10FCE200E68D16 /* String+Differences.swift */,
			);
			name = DifferencesTests;
			path = Tests/DifferencesTests;
			sourceTree = SOURCE_ROOT;
		};
		OBJ_13 /* Products */ = {
			isa = PBXGroup;
			children = (
				OBJ_14 /* Differences.framework */,
				OBJ_15 /* DifferencesTests.xctest */,
			);
			name = Products;
			sourceTree = BUILT_PRODUCTS_DIR;
		};
		OBJ_5 = {
			isa = PBXGroup;
			children = (
				OBJ_6 /* Package.swift */,
				OBJ_7 /* Sources */,
				OBJ_10 /* Tests */,
				OBJ_13 /* Products */,
			);
			sourceTree = "<group>";
		};
		OBJ_7 /* Sources */ = {
			isa = PBXGroup;
			children = (
				OBJ_8 /* Differences */,
			);
			path = Sources;
			sourceTree = "<group>";
		};
		OBJ_8 /* Differences */ = {
			isa = PBXGroup;
			children = (
				57EB6DA31E0884D800E68D16 /* Collection+Differences.swift */,
				OBJ_9 /* Difference.swift */,
				57EB6DA81E0C9FA700E68D16 /* Result.swift */,
				57EB6DB01E10F58100E68D16 /* String+Differences.swift */,
			);
			name = Differences;
			path = Sources;
			sourceTree = SOURCE_ROOT;
		};
/* End PBXGroup section */

/* Begin PBXNativeTarget section */
		OBJ_16 /* Differences */ = {
			isa = PBXNativeTarget;
			buildConfigurationList = OBJ_17 /* Build configuration list for PBXNativeTarget "Differences" */;
			buildPhases = (
				OBJ_20 /* Sources */,
				OBJ_22 /* Frameworks */,
			);
			buildRules = (
			);
			dependencies = (
			);
			name = Differences;
			productName = Differences;
			productReference = OBJ_14 /* Differences.framework */;
			productType = "com.apple.product-type.framework";
		};
		OBJ_23 /* DifferencesTests */ = {
			isa = PBXNativeTarget;
			buildConfigurationList = OBJ_24 /* Build configuration list for PBXNativeTarget "DifferencesTests" */;
			buildPhases = (
				OBJ_27 /* Sources */,
				OBJ_29 /* Frameworks */,
			);
			buildRules = (
			);
			dependencies = (
				OBJ_31 /* PBXTargetDependency */,
			);
			name = DifferencesTests;
			productName = DifferencesTests;
			productReference = OBJ_15 /* DifferencesTests.xctest */;
			productType = "com.apple.product-type.bundle.unit-test";
		};
/* End PBXNativeTarget section */

/* Begin PBXProject section */
		OBJ_1 /* Project object */ = {
			isa = PBXProject;
			attributes = {
				LastUpgradeCheck = 9999;
				TargetAttributes = {
					OBJ_16 = {
						LastSwiftMigration = 0920;
					};
					OBJ_23 = {
						LastSwiftMigration = 0920;
					};
				};
			};
			buildConfigurationList = OBJ_2 /* Build configuration list for PBXProject "Differences" */;
			compatibilityVersion = "Xcode 3.2";
			developmentRegion = English;
			hasScannedForEncodings = 0;
			knownRegions = (
				en,
			);
			mainGroup = OBJ_5;
			productRefGroup = OBJ_13 /* Products */;
			projectDirPath = "";
			projectRoot = "";
			targets = (
				OBJ_16 /* Differences */,
				OBJ_23 /* DifferencesTests */,
			);
		};
/* End PBXProject section */

/* Begin PBXSourcesBuildPhase section */
		OBJ_20 /* Sources */ = {
			isa = PBXSourcesBuildPhase;
			buildActionMask = 0;
			files = (
				57EB6DB11E10F58100E68D16 /* String+Differences.swift in Sources */,
				57EB6DA41E0884D800E68D16 /* Collection+Differences.swift in Sources */,
				57EB6DA91E0C9FA700E68D16 /* Result.swift in Sources */,
				OBJ_21 /* Difference.swift in Sources */,
			);
			runOnlyForDeploymentPostprocessing = 0;
		};
		OBJ_27 /* Sources */ = {
			isa = PBXSourcesBuildPhase;
			buildActionMask = 0;
			files = (
				57EB6DAA1E0CDC9700E68D16 /* Collection+DifferencesTests.swift in Sources */,
				OBJ_28 /* DifferencesTests.swift in Sources */,
				57EB6DB51E11C4E100E68D16 /* ResultTests.swift in Sources */,
				57EB6DB31E10FCE200E68D16 /* String+Differences.swift in Sources */,
			);
			runOnlyForDeploymentPostprocessing = 0;
		};
/* End PBXSourcesBuildPhase section */

/* Begin PBXTargetDependency section */
		OBJ_31 /* PBXTargetDependency */ = {
			isa = PBXTargetDependency;
			target = OBJ_16 /* Differences */;
			targetProxy = 57EB6DA21E08823000E68D16 /* PBXContainerItemProxy */;
		};
/* End PBXTargetDependency section */

/* Begin XCBuildConfiguration section */
		OBJ_18 /* Debug */ = {
			isa = XCBuildConfiguration;
			buildSettings = {
				ENABLE_TESTABILITY = YES;
				FRAMEWORK_SEARCH_PATHS = (
					"$(inherited)",
					"$(PLATFORM_DIR)/Developer/Library/Frameworks",
				);
				HEADER_SEARCH_PATHS = "$(inherited)";
				INFOPLIST_FILE = Differences.xcodeproj/Differences_Info.plist;
				IPHONEOS_DEPLOYMENT_TARGET = 10.0;
				LD_RUNPATH_SEARCH_PATHS = "@executable_path/Frameworks @executable_path/../Frameworks";
				OTHER_LDFLAGS = "$(inherited)";
				OTHER_SWIFT_FLAGS = "$(inherited)";
				PRODUCT_BUNDLE_IDENTIFIER = Differences;
				PRODUCT_MODULE_NAME = "$(TARGET_NAME:c99extidentifier)";
				PRODUCT_NAME = "$(TARGET_NAME:c99extidentifier)";
				SWIFT_VERSION = 4.0;
				TARGET_NAME = Differences;
				TVOS_DEPLOYMENT_TARGET = 10.0;
				WATCHOS_DEPLOYMENT_TARGET = 3.0;
			};
			name = Debug;
		};
		OBJ_19 /* Release */ = {
			isa = XCBuildConfiguration;
			buildSettings = {
				ENABLE_TESTABILITY = YES;
				FRAMEWORK_SEARCH_PATHS = (
					"$(inherited)",
					"$(PLATFORM_DIR)/Developer/Library/Frameworks",
				);
				HEADER_SEARCH_PATHS = "$(inherited)";
				INFOPLIST_FILE = Differences.xcodeproj/Differences_Info.plist;
				IPHONEOS_DEPLOYMENT_TARGET = 10.0;
				LD_RUNPATH_SEARCH_PATHS = "@executable_path/Frameworks @executable_path/../Frameworks";
				OTHER_LDFLAGS = "$(inherited)";
				OTHER_SWIFT_FLAGS = "$(inherited)";
				PRODUCT_BUNDLE_IDENTIFIER = Differences;
				PRODUCT_MODULE_NAME = "$(TARGET_NAME:c99extidentifier)";
				PRODUCT_NAME = "$(TARGET_NAME:c99extidentifier)";
				SWIFT_VERSION = 4.0;
				TARGET_NAME = Differences;
				TVOS_DEPLOYMENT_TARGET = 10.0;
				WATCHOS_DEPLOYMENT_TARGET = 3.0;
			};
			name = Release;
		};
		OBJ_25 /* Debug */ = {
			isa = XCBuildConfiguration;
			buildSettings = {
				EMBEDDED_CONTENT_CONTAINS_SWIFT = YES;
				FRAMEWORK_SEARCH_PATHS = (
					"$(inherited)",
					"$(PLATFORM_DIR)/Developer/Library/Frameworks",
				);
				HEADER_SEARCH_PATHS = "$(inherited)";
				INFOPLIST_FILE = Differences.xcodeproj/DifferencesTests_Info.plist;
				LD_RUNPATH_SEARCH_PATHS = "@executable_path/../Frameworks @loader_path/../Frameworks @executable_path/Frameworks @loader_path/Frameworks";
				OTHER_LDFLAGS = "$(inherited)";
				OTHER_SWIFT_FLAGS = "$(inherited)";
				SWIFT_VERSION = 4.0;
				TARGET_NAME = DifferencesTests;
			};
			name = Debug;
		};
		OBJ_26 /* Release */ = {
			isa = XCBuildConfiguration;
			buildSettings = {
				EMBEDDED_CONTENT_CONTAINS_SWIFT = YES;
				FRAMEWORK_SEARCH_PATHS = (
					"$(inherited)",
					"$(PLATFORM_DIR)/Developer/Library/Frameworks",
				);
				HEADER_SEARCH_PATHS = "$(inherited)";
				INFOPLIST_FILE = Differences.xcodeproj/DifferencesTests_Info.plist;
				LD_RUNPATH_SEARCH_PATHS = "@executable_path/../Frameworks @loader_path/../Frameworks @executable_path/Frameworks @loader_path/Frameworks";
				OTHER_LDFLAGS = "$(inherited)";
				OTHER_SWIFT_FLAGS = "$(inherited)";
				SWIFT_VERSION = 4.0;
				TARGET_NAME = DifferencesTests;
			};
			name = Release;
		};
		OBJ_3 /* Debug */ = {
			isa = XCBuildConfiguration;
			buildSettings = {
				COMBINE_HIDPI_IMAGES = YES;
				COPY_PHASE_STRIP = NO;
				DEBUG_INFORMATION_FORMAT = dwarf;
				DYLIB_INSTALL_NAME_BASE = "@rpath";
				ENABLE_NS_ASSERTIONS = YES;
				GCC_OPTIMIZATION_LEVEL = 0;
				MACOSX_DEPLOYMENT_TARGET = 10.10;
				ONLY_ACTIVE_ARCH = YES;
				OTHER_SWIFT_FLAGS = "-DXcode";
				PRODUCT_NAME = "$(TARGET_NAME)";
				SDKROOT = macosx;
				SUPPORTED_PLATFORMS = "macosx iphoneos iphonesimulator appletvos appletvsimulator watchos watchsimulator";
				SWIFT_ACTIVE_COMPILATION_CONDITIONS = SWIFT_PACKAGE;
				SWIFT_OPTIMIZATION_LEVEL = "-Onone";
				SWIFT_VERSION = 3.0;
				USE_HEADERMAP = NO;
			};
			name = Debug;
		};
		OBJ_4 /* Release */ = {
			isa = XCBuildConfiguration;
			buildSettings = {
				COMBINE_HIDPI_IMAGES = YES;
				COPY_PHASE_STRIP = YES;
				DEBUG_INFORMATION_FORMAT = "dwarf-with-dsym";
				DYLIB_INSTALL_NAME_BASE = "@rpath";
				GCC_OPTIMIZATION_LEVEL = s;
				MACOSX_DEPLOYMENT_TARGET = 10.10;
				OTHER_SWIFT_FLAGS = "-DXcode";
				PRODUCT_NAME = "$(TARGET_NAME)";
				SDKROOT = macosx;
				SUPPORTED_PLATFORMS = "macosx iphoneos iphonesimulator appletvos appletvsimulator watchos watchsimulator";
				SWIFT_ACTIVE_COMPILATION_CONDITIONS = SWIFT_PACKAGE;
				SWIFT_OPTIMIZATION_LEVEL = "-O";
				SWIFT_VERSION = 3.0;
				USE_HEADERMAP = NO;
			};
			name = Release;
		};
/* End XCBuildConfiguration section */

/* Begin XCConfigurationList section */
		OBJ_17 /* Build configuration list for PBXNativeTarget "Differences" */ = {
			isa = XCConfigurationList;
			buildConfigurations = (
				OBJ_18 /* Debug */,
				OBJ_19 /* Release */,
			);
			defaultConfigurationIsVisible = 0;
			defaultConfigurationName = Debug;
		};
		OBJ_2 /* Build configuration list for PBXProject "Differences" */ = {
			isa = XCConfigurationList;
			buildConfigurations = (
				OBJ_3 /* Debug */,
				OBJ_4 /* Release */,
			);
			defaultConfigurationIsVisible = 0;
			defaultConfigurationName = Debug;
		};
		OBJ_24 /* Build configuration list for PBXNativeTarget "DifferencesTests" */ = {
			isa = XCConfigurationList;
			buildConfigurations = (
				OBJ_25 /* Debug */,
				OBJ_26 /* Release */,
			);
			defaultConfigurationIsVisible = 0;
			defaultConfigurationName = Debug;
		};
/* End XCConfigurationList section */
	};
	rootObject = OBJ_1 /* Project object */;
}
